
Microsoft Visual Studio Solution File, Format Version 12.00
# Visual Studio Version 16
VisualStudioVersion = 16.0.32106.194
MinimumVisualStudioVersion = 10.0.40219.1
Project("{8BC9CEB8-8B4A-11D0-8D11-00A0C91BC942}") = "Camera", "Camera.vcxproj", "{EE3982E0-0718-46AF-916D-CD7356DB0553}"
EndProject
Global
	GlobalSection(SolutionConfigurationPlatforms) = preSolution
		Debug|x64 = Debug|x64
		Debug|x86 = Debug|x86
		Release|x64 = Release|x64
		Release|x86 = Release|x86
	EndGlobalSection
	GlobalSection(ProjectConfigurationPlatforms) = postSolution
		{EE3982E0-0718-46AF-916D-CD7356DB0553}.Debug|x64.ActiveCfg = Debug|x64
		{EE3982E0-0718-46AF-916D-CD7356DB0553}.Debug|x64.Build.0 = Debug|x64
		{EE3982E0-0718-46AF-916D-CD7356DB0553}.Debug|x86.ActiveCfg = Debug|Win32
		{EE3982E0-0718-46AF-916D-CD7356DB0553}.Debug|x86.Build.0 = Debug|Win32
		{EE3982E0-0718-46AF-916D-CD7356DB0553}.Release|x64.ActiveCfg = Release|x64
		{EE3982E0-0718-46AF-916D-CD7356DB0553}.Release|x64.Build.0 = Release|x64
		{EE3982E0-0718-46AF-916D-CD7356DB0553}.Release|x86.ActiveCfg = Release|Win32
		{EE3982E0-0718-46AF-916D-CD7356DB0553}.Release|x86.Build.0 = Release|Win32
	EndGlobalSection
	GlobalSection(SolutionProperties) = preSolution
		HideSolutionNode = FALSE
	EndGlobalSection
	GlobalSection(ExtensibilityGlobals) = postSolution
		SolutionGuid = {4B12F199-CECB-4405-8279-23718F95F9CA}
	EndGlobalSection
EndGlobal
